
Microsoft Visual Studio Solution File, Format Version 12.00
# Visual Studio Version 16
VisualStudioVersion = 16.0.31613.86
MinimumVisualStudioVersion = 10.0.40219.1
Project("{9A19103F-16F7-4668-BE54-9A1E7A4F7556}") = "Program", "Program\Program.csproj", "{7D7B3EB2-B1B6-4753-8A4C-274AFE6C06E3}"
EndProject
Project("{54435603-DBB4-11D2-8724-00A0C9A8B90C}") = "DBSetup", "DBSetup\DBSetup.vdproj", "{6942D4A1-C299-4067-B15D-3BF22BE10599}"
EndProject
Global
	GlobalSection(SolutionConfigurationPlatforms) = preSolution
		Debug|Any CPU = Debug|Any CPU
		Release|Any CPU = Release|Any CPU
	EndGlobalSection
	GlobalSection(ProjectConfigurationPlatforms) = postSolution
		{7D7B3EB2-B1B6-4753-8A4C-274AFE6C06E3}.Debug|Any CPU.ActiveCfg = Debug|Any CPU
		{7D7B3EB2-B1B6-4753-8A4C-274AFE6C06E3}.Debug|Any CPU.Build.0 = Debug|Any CPU
		{7D7B3EB2-B1B6-4753-8A4C-274AFE6C06E3}.Release|Any CPU.ActiveCfg = Release|Any CPU
		{7D7B3EB2-B1B6-4753-8A4C-274AFE6C06E3}.Release|Any CPU.Build.0 = Release|Any CPU
		{6942D4A1-C299-4067-B15D-3BF22BE10599}.Debug|Any CPU.ActiveCfg = Debug
		{6942D4A1-C299-4067-B15D-3BF22BE10599}.Release|Any CPU.ActiveCfg = Release
	EndGlobalSection
	GlobalSection(SolutionProperties) = preSolution
		HideSolutionNode = FALSE
	EndGlobalSection
	GlobalSection(ExtensibilityGlobals) = postSolution
		SolutionGuid = {CE2914DA-4725-4B97-871D-DA12974BAD2F}
	EndGlobalSection
EndGlobal
